
Microsoft Visual Studio Solution File, Format Version 12.00
# Visual Studio Version 17
VisualStudioVersion = 17.2.32526.322
MinimumVisualStudioVersion = 10.0.40219.1
Project("{FAE04EC0-301F-11D3-BF4B-00C04F79EFBC}") = "APICodeFirstAula", "APICodeFirstAula\APICodeFirstAula.csproj", "{D70EE6B2-02C7-4D8B-9AB6-6BF16937A8DE}"
EndProject
Global
	GlobalSection(SolutionConfigurationPlatforms) = preSolution
		Debug|Any CPU = Debug|Any CPU
		Release|Any CPU = Release|Any CPU
	EndGlobalSection
	GlobalSection(ProjectConfigurationPlatforms) = postSolution
		{D70EE6B2-02C7-4D8B-9AB6-6BF16937A8DE}.Debug|Any CPU.ActiveCfg = Debug|Any CPU
		{D70EE6B2-02C7-4D8B-9AB6-6BF16937A8DE}.Debug|Any CPU.Build.0 = Debug|Any CPU
		{D70EE6B2-02C7-4D8B-9AB6-6BF16937A8DE}.Release|Any CPU.ActiveCfg = Release|Any CPU
		{D70EE6B2-02C7-4D8B-9AB6-6BF16937A8DE}.Release|Any CPU.Build.0 = Release|Any CPU
	EndGlobalSection
	GlobalSection(SolutionProperties) = preSolution
		HideSolutionNode = FALSE
	EndGlobalSection
	GlobalSection(ExtensibilityGlobals) = postSolution
		SolutionGuid = {46150B25-F975-49A0-8E3F-6A75FA59FF54}
	EndGlobalSection
EndGlobal
